
Microsoft Visual Studio Solution File, Format Version 12.00
# Visual Studio Version 17
VisualStudioVersion = 17.11.35327.3
MinimumVisualStudioVersion = 10.0.40219.1
Project("{FAE04EC0-301F-11D3-BF4B-00C04F79EFBC}") = "taskexamm", "taskexamm.csproj", "{13505684-F8F3-48C2-A455-E6B70F02A7F5}"
EndProject
Global
	GlobalSection(SolutionConfigurationPlatforms) = preSolution
		Debug|Any CPU = Debug|Any CPU
		Release|Any CPU = Release|Any CPU
	EndGlobalSection
	GlobalSection(ProjectConfigurationPlatforms) = postSolution
		{13505684-F8F3-48C2-A455-E6B70F02A7F5}.Debug|Any CPU.ActiveCfg = Debug|Any CPU
		{13505684-F8F3-48C2-A455-E6B70F02A7F5}.Debug|Any CPU.Build.0 = Debug|Any CPU
		{13505684-F8F3-48C2-A455-E6B70F02A7F5}.Release|Any CPU.ActiveCfg = Release|Any CPU
		{13505684-F8F3-48C2-A455-E6B70F02A7F5}.Release|Any CPU.Build.0 = Release|Any CPU
	EndGlobalSection
	GlobalSection(SolutionProperties) = preSolution
		HideSolutionNode = FALSE
	EndGlobalSection
	GlobalSection(ExtensibilityGlobals) = postSolution
		SolutionGuid = {8AC36807-3875-4423-93D2-1B5BB388C3E1}
	EndGlobalSection
EndGlobal
