
Microsoft Visual Studio Solution File, Format Version 12.00
# Visual Studio Version 17
VisualStudioVersion = 17.11.35327.3
MinimumVisualStudioVersion = 10.0.40219.1
Project("{FAE04EC0-301F-11D3-BF4B-00C04F79EFBC}") = "taskk12.2", "taskk12.2.csproj", "{75DEA2EE-8036-4CD9-AAD8-3567A50AF4AA}"
EndProject
Global
	GlobalSection(SolutionConfigurationPlatforms) = preSolution
		Debug|Any CPU = Debug|Any CPU
		Release|Any CPU = Release|Any CPU
	EndGlobalSection
	GlobalSection(ProjectConfigurationPlatforms) = postSolution
		{75DEA2EE-8036-4CD9-AAD8-3567A50AF4AA}.Debug|Any CPU.ActiveCfg = Debug|Any CPU
		{75DEA2EE-8036-4CD9-AAD8-3567A50AF4AA}.Debug|Any CPU.Build.0 = Debug|Any CPU
		{75DEA2EE-8036-4CD9-AAD8-3567A50AF4AA}.Release|Any CPU.ActiveCfg = Release|Any CPU
		{75DEA2EE-8036-4CD9-AAD8-3567A50AF4AA}.Release|Any CPU.Build.0 = Release|Any CPU
	EndGlobalSection
	GlobalSection(SolutionProperties) = preSolution
		HideSolutionNode = FALSE
	EndGlobalSection
	GlobalSection(ExtensibilityGlobals) = postSolution
		SolutionGuid = {4E8369FA-4A69-434B-8023-B912A4E9EC47}
	EndGlobalSection
EndGlobal
