
Microsoft Visual Studio Solution File, Format Version 12.00
# Visual Studio Version 17
VisualStudioVersion = 17.11.35327.3
MinimumVisualStudioVersion = 10.0.40219.1
Project("{FAE04EC0-301F-11D3-BF4B-00C04F79EFBC}") = "taskk10.2", "taskk10.2.csproj", "{7C11A71A-F744-409D-9CC1-9A2B98A11525}"
EndProject
Global
	GlobalSection(SolutionConfigurationPlatforms) = preSolution
		Debug|Any CPU = Debug|Any CPU
		Release|Any CPU = Release|Any CPU
	EndGlobalSection
	GlobalSection(ProjectConfigurationPlatforms) = postSolution
		{7C11A71A-F744-409D-9CC1-9A2B98A11525}.Debug|Any CPU.ActiveCfg = Debug|Any CPU
		{7C11A71A-F744-409D-9CC1-9A2B98A11525}.Debug|Any CPU.Build.0 = Debug|Any CPU
		{7C11A71A-F744-409D-9CC1-9A2B98A11525}.Release|Any CPU.ActiveCfg = Release|Any CPU
		{7C11A71A-F744-409D-9CC1-9A2B98A11525}.Release|Any CPU.Build.0 = Release|Any CPU
	EndGlobalSection
	GlobalSection(SolutionProperties) = preSolution
		HideSolutionNode = FALSE
	EndGlobalSection
	GlobalSection(ExtensibilityGlobals) = postSolution
		SolutionGuid = {622D8530-BFE7-4CCC-A21A-F580358327F9}
	EndGlobalSection
EndGlobal
