
Microsoft Visual Studio Solution File, Format Version 12.00
# Visual Studio Version 17
VisualStudioVersion = 17.11.35327.3
MinimumVisualStudioVersion = 10.0.40219.1
Project("{FAE04EC0-301F-11D3-BF4B-00C04F79EFBC}") = "taskk7.2", "taskk7.2.csproj", "{573A72CA-6A8D-41B1-A9D6-164665D8CF3A}"
EndProject
Global
	GlobalSection(SolutionConfigurationPlatforms) = preSolution
		Debug|Any CPU = Debug|Any CPU
		Release|Any CPU = Release|Any CPU
	EndGlobalSection
	GlobalSection(ProjectConfigurationPlatforms) = postSolution
		{573A72CA-6A8D-41B1-A9D6-164665D8CF3A}.Debug|Any CPU.ActiveCfg = Debug|Any CPU
		{573A72CA-6A8D-41B1-A9D6-164665D8CF3A}.Debug|Any CPU.Build.0 = Debug|Any CPU
		{573A72CA-6A8D-41B1-A9D6-164665D8CF3A}.Release|Any CPU.ActiveCfg = Release|Any CPU
		{573A72CA-6A8D-41B1-A9D6-164665D8CF3A}.Release|Any CPU.Build.0 = Release|Any CPU
	EndGlobalSection
	GlobalSection(SolutionProperties) = preSolution
		HideSolutionNode = FALSE
	EndGlobalSection
	GlobalSection(ExtensibilityGlobals) = postSolution
		SolutionGuid = {479B1D1F-1601-460F-B3B0-EC731CB412A6}
	EndGlobalSection
EndGlobal
