
Microsoft Visual Studio Solution File, Format Version 12.00
# Visual Studio Version 17
VisualStudioVersion = 17.11.35327.3
MinimumVisualStudioVersion = 10.0.40219.1
Project("{FAE04EC0-301F-11D3-BF4B-00C04F79EFBC}") = "taskk7.1", "taskk7.1.csproj", "{CFF73F5C-FCE8-40C8-9DB9-D0A17D7A4739}"
EndProject
Global
	GlobalSection(SolutionConfigurationPlatforms) = preSolution
		Debug|Any CPU = Debug|Any CPU
		Release|Any CPU = Release|Any CPU
	EndGlobalSection
	GlobalSection(ProjectConfigurationPlatforms) = postSolution
		{CFF73F5C-FCE8-40C8-9DB9-D0A17D7A4739}.Debug|Any CPU.ActiveCfg = Debug|Any CPU
		{CFF73F5C-FCE8-40C8-9DB9-D0A17D7A4739}.Debug|Any CPU.Build.0 = Debug|Any CPU
		{CFF73F5C-FCE8-40C8-9DB9-D0A17D7A4739}.Release|Any CPU.ActiveCfg = Release|Any CPU
		{CFF73F5C-FCE8-40C8-9DB9-D0A17D7A4739}.Release|Any CPU.Build.0 = Release|Any CPU
	EndGlobalSection
	GlobalSection(SolutionProperties) = preSolution
		HideSolutionNode = FALSE
	EndGlobalSection
	GlobalSection(ExtensibilityGlobals) = postSolution
		SolutionGuid = {D2E02D50-AECA-4204-8AC6-CA55C0EB7C9D}
	EndGlobalSection
EndGlobal
